
Microsoft Visual Studio Solution File, Format Version 12.00
# Visual Studio Version 16
VisualStudioVersion = 16.0.31515.178
MinimumVisualStudioVersion = 10.0.40219.1
Project("{FAE04EC0-301F-11D3-BF4B-00C04F79EFBC}") = "WinFormsApp1", "WinFormsApp1\WinFormsApp1.csproj", "{EA0D3FDF-8E4E-40A1-967C-8336403145CF}"
EndProject
Global
	GlobalSection(SolutionConfigurationPlatforms) = preSolution
		Debug|Any CPU = Debug|Any CPU
		Release|Any CPU = Release|Any CPU
	EndGlobalSection
	GlobalSection(ProjectConfigurationPlatforms) = postSolution
		{EA0D3FDF-8E4E-40A1-967C-8336403145CF}.Debug|Any CPU.ActiveCfg = Debug|Any CPU
		{EA0D3FDF-8E4E-40A1-967C-8336403145CF}.Debug|Any CPU.Build.0 = Debug|Any CPU
		{EA0D3FDF-8E4E-40A1-967C-8336403145CF}.Release|Any CPU.ActiveCfg = Release|Any CPU
		{EA0D3FDF-8E4E-40A1-967C-8336403145CF}.Release|Any CPU.Build.0 = Release|Any CPU
	EndGlobalSection
	GlobalSection(SolutionProperties) = preSolution
		HideSolutionNode = FALSE
	EndGlobalSection
	GlobalSection(ExtensibilityGlobals) = postSolution
		SolutionGuid = {EE4B35E9-B5B0-4A2B-B63B-378E8E5AB63F}
	EndGlobalSection
EndGlobal
